
Microsoft Visual Studio Solution File, Format Version 12.00
# Visual Studio Version 16
VisualStudioVersion = 16.0.31702.278
MinimumVisualStudioVersion = 10.0.40219.1
Project("{FAE04EC0-301F-11D3-BF4B-00C04F79EFBC}") = "wire-reelcutter", "wire-reelcutter\wire-reelcutter.csproj", "{4587BA96-BAC5-42A9-BF3D-1F5726D92A39}"
EndProject
Global
	GlobalSection(SolutionConfigurationPlatforms) = preSolution
		Debug|Any CPU = Debug|Any CPU
		Release|Any CPU = Release|Any CPU
	EndGlobalSection
	GlobalSection(ProjectConfigurationPlatforms) = postSolution
		{4587BA96-BAC5-42A9-BF3D-1F5726D92A39}.Debug|Any CPU.ActiveCfg = Debug|Any CPU
		{4587BA96-BAC5-42A9-BF3D-1F5726D92A39}.Debug|Any CPU.Build.0 = Debug|Any CPU
		{4587BA96-BAC5-42A9-BF3D-1F5726D92A39}.Release|Any CPU.ActiveCfg = Release|Any CPU
		{4587BA96-BAC5-42A9-BF3D-1F5726D92A39}.Release|Any CPU.Build.0 = Release|Any CPU
	EndGlobalSection
	GlobalSection(SolutionProperties) = preSolution
		HideSolutionNode = FALSE
	EndGlobalSection
	GlobalSection(ExtensibilityGlobals) = postSolution
		SolutionGuid = {97BBF004-C1FD-49D5-A732-BF44118D851D}
	EndGlobalSection
EndGlobal
